{
  "name": "jpck",
  "version": "1.0.2",
  "lockfileVersion": 1,
  "requires": true,
  "dependencies": {
    "js-mozjpeg": {
      "version": "0.1.2",
      "resolved": "https://registry.npmjs.org/js-mozjpeg/-/js-mozjpeg-0.1.2.tgz",
      "integrity": "sha512-bqXLOefaiQerQhCVn5KttavEgitHgo+KmMBjh8tebHhIvCvcGHSPCjOh122N19lI9Pt24+4uNYT2Xib4yTY89Q=="
    }
  }
}
